
Microsoft Visual Studio Solution File, Format Version 12.00
# Visual Studio 15
VisualStudioVersion = 15.0.28307.489
MinimumVisualStudioVersion = 10.0.40219.1
Project("{FAE04EC0-301F-11D3-BF4B-00C04F79EFBC}") = "lab_8", "lab_8\lab_8.csproj", "{B1F93BC0-3708-4CD4-B07B-A46A12FD2AA1}"
EndProject
Global
	GlobalSection(SolutionConfigurationPlatforms) = preSolution
		Debug|Any CPU = Debug|Any CPU
		Release|Any CPU = Release|Any CPU
	EndGlobalSection
	GlobalSection(ProjectConfigurationPlatforms) = postSolution
		{B1F93BC0-3708-4CD4-B07B-A46A12FD2AA1}.Debug|Any CPU.ActiveCfg = Debug|Any CPU
		{B1F93BC0-3708-4CD4-B07B-A46A12FD2AA1}.Debug|Any CPU.Build.0 = Debug|Any CPU
		{B1F93BC0-3708-4CD4-B07B-A46A12FD2AA1}.Release|Any CPU.ActiveCfg = Release|Any CPU
		{B1F93BC0-3708-4CD4-B07B-A46A12FD2AA1}.Release|Any CPU.Build.0 = Release|Any CPU
	EndGlobalSection
	GlobalSection(SolutionProperties) = preSolution
		HideSolutionNode = FALSE
	EndGlobalSection
	GlobalSection(ExtensibilityGlobals) = postSolution
		SolutionGuid = {3946A918-DDF6-45C5-827C-739DD54C9A5C}
	EndGlobalSection
EndGlobal
